// !$*UTF8*$!
{
	archiveVersion = 1;
	classes = {
	};
	objectVersion = 46;
	objects = {

/* Begin PBXBuildFile section */
		3F361B901C22BB5300644121 /* SecondBarrageViewController.swift in Sources */ = {isa = PBXBuildFile; fileRef = 3F361B8F1C22BB5300644121 /* SecondBarrageViewController.swift */; };
		3F361B921C22CBD700644121 /* HomeViewController.swift in Sources */ = {isa = PBXBuildFile; fileRef = 3F361B911C22CBD700644121 /* HomeViewController.swift */; };
		3F8C42F41C2110B400189326 /* AppDelegate.swift in Sources */ = {isa = PBXBuildFile; fileRef = 3F8C42F31C2110B400189326 /* AppDelegate.swift */; };
		3F8C42F61C2110B400189326 /* BarrageViewController.swift in Sources */ = {isa = PBXBuildFile; fileRef = 3F8C42F51C2110B400189326 /* BarrageViewController.swift */; };
		3F8C42F91C2110B400189326 /* Main.storyboard in Resources */ = {isa = PBXBuildFile; fileRef = 3F8C42F71C2110B400189326 /* Main.storyboard */; };
		3F8C42FB1C2110B400189326 /* Assets.xcassets in Resources */ = {isa = PBXBuildFile; fileRef = 3F8C42FA1C2110B400189326 /* Assets.xcassets */; };
		3F8C42FE1C2110B400189326 /* LaunchScreen.storyboard in Resources */ = {isa = PBXBuildFile; fileRef = 3F8C42FC1C2110B400189326 /* LaunchScreen.storyboard */; };
		3F8C43061C2112C400189326 /* LCBarrageView.swift in Sources */ = {isa = PBXBuildFile; fileRef = 3F8C43051C2112C400189326 /* LCBarrageView.swift */; };
/* End PBXBuildFile section */

/* Begin PBXFileReference section */
		3F361B8F1C22BB5300644121 /* SecondBarrageViewController.swift */ = {isa = PBXFileReference; fileEncoding = 4; lastKnownFileType = sourcecode.swift; path = SecondBarrageViewController.swift; sourceTree = "<group>"; };
		3F361B911C22CBD700644121 /* HomeViewController.swift */ = {isa = PBXFileReference; fileEncoding = 4; lastKnownFileType = sourcecode.swift; path = HomeViewController.swift; sourceTree = "<group>"; };
		3F8C42F01C2110B400189326 /* Barrage.app */ = {isa = PBXFileReference; explicitFileType = wrapper.application; includeInIndex = 0; path = Barrage.app; sourceTree = BUILT_PRODUCTS_DIR; };
		3F8C42F31C2110B400189326 /* AppDelegate.swift */ = {isa = PBXFileReference; lastKnownFileType = sourcecode.swift; path = AppDelegate.swift; sourceTree = "<group>"; };
		3F8C42F51C2110B400189326 /* BarrageViewController.swift */ = {isa = PBXFileReference; lastKnownFileType = sourcecode.swift; path = BarrageViewController.swift; sourceTree = "<group>"; };
		3F8C42F81C2110B400189326 /* Base */ = {isa = PBXFileReference; lastKnownFileType = file.storyboard; name = Base; path = Base.lproj/Main.storyboard; sourceTree = "<group>"; };
		3F8C42FA1C2110B400189326 /* Assets.xcassets */ = {isa = PBXFileReference; lastKnownFileType = folder.assetcatalog; path = Assets.xcassets; sourceTree = "<group>"; };
		3F8C42FD1C2110B400189326 /* Base */ = {isa = PBXFileReference; lastKnownFileType = file.storyboard; name = Base; path = Base.lproj/LaunchScreen.storyboard; sourceTree = "<group>"; };
		3F8C42FF1C2110B400189326 /* Info.plist */ = {isa = PBXFileReference; lastKnownFileType = text.plist.xml; path = Info.plist; sourceTree = "<group>"; };
		3F8C43051C2112C400189326 /* LCBarrageView.swift */ = {isa = PBXFileReference; fileEncoding = 4; lastKnownFileType = sourcecode.swift; path = LCBarrageView.swift; sourceTree = "<group>"; };
/* End PBXFileReference section */

/* Begin PBXFrameworksBuildPhase section */
		3F8C42ED1C2110B400189326 /* Frameworks */ = {
			isa = PBXFrameworksBuildPhase;
			buildActionMask = 2147483647;
			files = (
			);
			runOnlyForDeploymentPostprocessing = 0;
		};
/* End PBXFrameworksBuildPhase section */

/* Begin PBXGroup section */
		3F8C42E71C2110B400189326 = {
			isa = PBXGroup;
			children = (
				3F8C42F21C2110B400189326 /* Barrage */,
				3F8C42F11C2110B400189326 /* Products */,
			);
			sourceTree = "<group>";
		};
		3F8C42F11C2110B400189326 /* Products */ = {
			isa = PBXGroup;
			children = (
				3F8C42F01C2110B400189326 /* Barrage.app */,
			);
			name = Products;
			sourceTree = "<group>";
		};
		3F8C42F21C2110B400189326 /* Barrage */ = {
			isa = PBXGroup;
			children = (
				3F8C42F31C2110B400189326 /* AppDelegate.swift */,
				3F361B911C22CBD700644121 /* HomeViewController.swift */,
				3F8C43051C2112C400189326 /* LCBarrageView.swift */,
				3F8C42F51C2110B400189326 /* BarrageViewController.swift */,
				3F361B8F1C22BB5300644121 /* SecondBarrageViewController.swift */,
				3F8C42F71C2110B400189326 /* Main.storyboard */,
				3F8C42FA1C2110B400189326 /* Assets.xcassets */,
				3F8C42FC1C2110B400189326 /* LaunchScreen.storyboard */,
				3F8C42FF1C2110B400189326 /* Info.plist */,
			);
			path = Barrage;
			sourceTree = "<group>";
		};
/* End PBXGroup section */

/* Begin PBXNativeTarget section */
		3F8C42EF1C2110B400189326 /* Barrage */ = {
			isa = PBXNativeTarget;
			buildConfigurationList = 3F8C43021C2110B400189326 /* Build configuration list for PBXNativeTarget "Barrage" */;
			buildPhases = (
				3F8C42EC1C2110B400189326 /* Sources */,
				3F8C42ED1C2110B400189326 /* Frameworks */,
				3F8C42EE1C2110B400189326 /* Resources */,
			);
			buildRules = (
			);
			dependencies = (
			);
			name = Barrage;
			productName = Barrage;
			productReference = 3F8C42F01C2110B400189326 /* Barrage.app */;
			productType = "com.apple.product-type.application";
		};
/* End PBXNativeTarget section */

/* Begin PBXProject section */
		3F8C42E81C2110B400189326 /* Project object */ = {
			isa = PBXProject;
			attributes = {
				LastSwiftUpdateCheck = 0720;
				LastUpgradeCheck = 0720;
				ORGANIZATIONNAME = CaiGavin;
				TargetAttributes = {
					3F8C42EF1C2110B400189326 = {
						CreatedOnToolsVersion = 7.2;
					};
				};
			};
			buildConfigurationList = 3F8C42EB1C2110B400189326 /* Build configuration list for PBXProject "Barrage" */;
			compatibilityVersion = "Xcode 3.2";
			developmentRegion = English;
			hasScannedForEncodings = 0;
			knownRegions = (
				en,
				Base,
			);
			mainGroup = 3F8C42E71C2110B400189326;
			productRefGroup = 3F8C42F11C2110B400189326 /* Products */;
			projectDirPath = "";
			projectRoot = "";
			targets = (
				3F8C42EF1C2110B400189326 /* Barrage */,
			);
		};
/* End PBXProject section */

/* Begin PBXResourcesBuildPhase section */
		3F8C42EE1C2110B400189326 /* Resources */ = {
			isa = PBXResourcesBuildPhase;
			buildActionMask = 2147483647;
			files = (
				3F8C42FE1C2110B400189326 /* LaunchScreen.storyboard in Resources */,
				3F8C42FB1C2110B400189326 /* Assets.xcassets in Resources */,
				3F8C42F91C2110B400189326 /* Main.storyboard in Resources */,
			);
			runOnlyForDeploymentPostprocessing = 0;
		};
/* End PBXResourcesBuildPhase section */

/* Begin PBXSourcesBuildPhase section */
		3F8C42EC1C2110B400189326 /* Sources */ = {
			isa = PBXSourcesBuildPhase;
			buildActionMask = 2147483647;
			files = (
				3F361B921C22CBD700644121 /* HomeViewController.swift in Sources */,
				3F8C43061C2112C400189326 /* LCBarrageView.swift in Sources */,
				3F361B901C22BB5300644121 /* SecondBarrageViewController.swift in Sources */,
				3F8C42F61C2110B400189326 /* BarrageViewController.swift in Sources */,
				3F8C42F41C2110B400189326 /* AppDelegate.swift in Sources */,
			);
			runOnlyForDeploymentPostprocessing = 0;
		};
/* End PBXSourcesBuildPhase section */

/* Begin PBXVariantGroup section */
		3F8C42F71C2110B400189326 /* Main.storyboard */ = {
			isa = PBXVariantGroup;
			children = (
				3F8C42F81C2110B400189326 /* Base */,
			);
			name = Main.storyboard;
			sourceTree = "<group>";
		};
		3F8C42FC1C2110B400189326 /* LaunchScreen.storyboard */ = {
			isa = PBXVariantGroup;
			children = (
				3F8C42FD1C2110B400189326 /* Base */,
			);
			name = LaunchScreen.storyboard;
			sourceTree = "<group>";
		};
/* End PBXVariantGroup section */

/* Begin XCBuildConfiguration section */
		3F8C43001C2110B400189326 /* Debug */ = {
			isa = XCBuildConfiguration;
			buildSettings = {
				ALWAYS_SEARCH_USER_PATHS = NO;
				CLANG_CXX_LANGUAGE_STANDARD = "gnu++0x";
				CLANG_CXX_LIBRARY = "libc++";
				CLANG_ENABLE_MODULES = YES;
				CLANG_ENABLE_OBJC_ARC = YES;
				CLANG_WARN_BOOL_CONVERSION = YES;
				CLANG_WARN_CONSTANT_CONVERSION = YES;
				CLANG_WARN_DIRECT_OBJC_ISA_USAGE = YES_ERROR;
				CLANG_WARN_EMPTY_BODY = YES;
				CLANG_WARN_ENUM_CONVERSION = YES;
				CLANG_WARN_INT_CONVERSION = YES;
				CLANG_WARN_OBJC_ROOT_CLASS = YES_ERROR;
				CLANG_WARN_UNREACHABLE_CODE = YES;
				CLANG_WARN__DUPLICATE_METHOD_MATCH = YES;
				"CODE_SIGN_IDENTITY[sdk=iphoneos*]" = "iPhone Developer";
				COPY_PHASE_STRIP = NO;
				DEBUG_INFORMATION_FORMAT = dwarf;
				ENABLE_STRICT_OBJC_MSGSEND = YES;
				ENABLE_TESTABILITY = YES;
				GCC_C_LANGUAGE_STANDARD = gnu99;
				GCC_DYNAMIC_NO_PIC = NO;
				GCC_NO_COMMON_BLOCKS = YES;
				GCC_OPTIMIZATION_LEVEL = 0;
				GCC_PREPROCESSOR_DEFINITIONS = (
					"DEBUG=1",
					"$(inherited)",
				);
				GCC_WARN_64_TO_32_BIT_CONVERSION = YES;
				GCC_WARN_ABOUT_RETURN_TYPE = YES_ERROR;
				GCC_WARN_UNDECLARED_SELECTOR = YES;
				GCC_WARN_UNINITIALIZED_AUTOS = YES_AGGRESSIVE;
				GCC_WARN_UNUSED_FUNCTION = YES;
				GCC_WARN_UNUSED_VARIABLE = YES;
				IPHONEOS_DEPLOYMENT_TARGET = 9.2;
				MTL_ENABLE_DEBUG_INFO = YES;
				ONLY_ACTIVE_ARCH = YES;
				SDKROOT = iphoneos;
				SWIFT_OPTIMIZATION_LEVEL = "-Onone";
			};
			name = Debug;
		};
		3F8C43011C2110B400189326 /* Release */ = {
			isa = XCBuildConfiguration;
			buildSettings = {
				ALWAYS_SEARCH_USER_PATHS = NO;
				CLANG_CXX_LANGUAGE_STANDARD = "gnu++0x";
				CLANG_CXX_LIBRARY = "libc++";
				CLANG_ENABLE_MODULES = YES;
				CLANG_ENABLE_OBJC_ARC = YES;
				CLANG_WARN_BOOL_CONVERSION = YES;
				CLANG_WARN_CONSTANT_CONVERSION = YES;
				CLANG_WARN_DIRECT_OBJC_ISA_USAGE = YES_ERROR;
				CLANG_WARN_EMPTY_BODY = YES;
				CLANG_WARN_ENUM_CONVERSION = YES;
				CLANG_WARN_INT_CONVERSION = YES;
				CLANG_WARN_OBJC_ROOT_CLASS = YES_ERROR;
				CLANG_WARN_UNREACHABLE_CODE = YES;
				CLANG_WARN__DUPLICATE_METHOD_MATCH = YES;
				"CODE_SIGN_IDENTITY[sdk=iphoneos*]" = "iPhone Developer";
				COPY_PHASE_STRIP = NO;
				DEBUG_INFORMATION_FORMAT = "dwarf-with-dsym";
				ENABLE_NS_ASSERTIONS = NO;
				ENABLE_STRICT_OBJC_MSGSEND = YES;
				GCC_C_LANGUAGE_STANDARD = gnu99;
				GCC_NO_COMMON_BLOCKS = YES;
				GCC_WARN_64_TO_32_BIT_CONVERSION = YES;
				GCC_WARN_ABOUT_RETURN_TYPE = YES_ERROR;
				GCC_WARN_UNDECLARED_SELECTOR = YES;
				GCC_WARN_UNINITIALIZED_AUTOS = YES_AGGRESSIVE;
				GCC_WARN_UNUSED_FUNCTION = YES;
				GCC_WARN_UNUSED_VARIABLE = YES;
				IPHONEOS_DEPLOYMENT_TARGET = 9.2;
				MTL_ENABLE_DEBUG_INFO = NO;
				SDKROOT = iphoneos;
				VALIDATE_PRODUCT = YES;
			};
			name = Release;
		};
		3F8C43031C2110B400189326 /* Debug */ = {
			isa = XCBuildConfiguration;
			buildSettings = {
				ASSETCATALOG_COMPILER_APPICON_NAME = AppIcon;
				INFOPLIST_FILE = Barrage/Info.plist;
				LD_RUNPATH_SEARCH_PATHS = "$(inherited) @executable_path/Frameworks";
				PRODUCT_BUNDLE_IDENTIFIER = GavinFlying.Barrage;
				PRODUCT_NAME = "$(TARGET_NAME)";
			};
			name = Debug;
		};
		3F8C43041C2110B400189326 /* Release */ = {
			isa = XCBuildConfiguration;
			buildSettings = {
				ASSETCATALOG_COMPILER_APPICON_NAME = AppIcon;
				INFOPLIST_FILE = Barrage/Info.plist;
				LD_RUNPATH_SEARCH_PATHS = "$(inherited) @executable_path/Frameworks";
				PRODUCT_BUNDLE_IDENTIFIER = GavinFlying.Barrage;
				PRODUCT_NAME = "$(TARGET_NAME)";
			};
			name = Release;
		};
/* End XCBuildConfiguration section */

/* Begin XCConfigurationList section */
		3F8C42EB1C2110B400189326 /* Build configuration list for PBXProject "Barrage" */ = {
			isa = XCConfigurationList;
			buildConfigurations = (
				3F8C43001C2110B400189326 /* Debug */,
				3F8C43011C2110B400189326 /* Release */,
			);
			defaultConfigurationIsVisible = 0;
			defaultConfigurationName = Release;
		};
		3F8C43021C2110B400189326 /* Build configuration list for PBXNativeTarget "Barrage" */ = {
			isa = XCConfigurationList;
			buildConfigurations = (
				3F8C43031C2110B400189326 /* Debug */,
				3F8C43041C2110B400189326 /* Release */,
			);
			defaultConfigurationIsVisible = 0;
			defaultConfigurationName = Release;
		};
/* End XCConfigurationList section */
	};
	rootObject = 3F8C42E81C2110B400189326 /* Project object */;
}
